// !$*UTF8*$!
{
	archiveVersion = 1;
	classes = {
	};
	objectVersion = 50;
	objects = {

/* Begin PBXBuildFile section */
		CE5CE8BE23F7D7A800F16603 /* AppDelegate.swift in Sources */ = {isa = PBXBuildFile; fileRef = CE5CE8BD23F7D7A800F16603 /* AppDelegate.swift */; };
		CE5CE8C023F7D7A800F16603 /* SceneDelegate.swift in Sources */ = {isa = PBXBuildFile; fileRef = CE5CE8BF23F7D7A800F16603 /* SceneDelegate.swift */; };
		CE5CE8C223F7D7A800F16603 /* ViewController.swift in Sources */ = {isa = PBXBuildFile; fileRef = CE5CE8C123F7D7A800F16603 /* ViewController.swift */; };
		CE5CE8C523F7D7A800F16603 /* Main.storyboard in Resources */ = {isa = PBXBuildFile; fileRef = CE5CE8C323F7D7A800F16603 /* Main.storyboard */; };
		CE5CE8C723F7D7A900F16603 /* Assets.xcassets in Resources */ = {isa = PBXBuildFile; fileRef = CE5CE8C623F7D7A900F16603 /* Assets.xcassets */; };
		CE5CE8CA23F7D7A900F16603 /* LaunchScreen.storyboard in Resources */ = {isa = PBXBuildFile; fileRef = CE5CE8C823F7D7A900F16603 /* LaunchScreen.storyboard */; };
		CE5CE8D223F7DB9D00F16603 /* ShadowView.swift in Sources */ = {isa = PBXBuildFile; fileRef = CE5CE8D123F7DB9D00F16603 /* ShadowView.swift */; };
		CE5CE8D423F7DDCE00F16603 /* MainViewController.swift in Sources */ = {isa = PBXBuildFile; fileRef = CE5CE8D323F7DDCE00F16603 /* MainViewController.swift */; };
		CE5CE8D823F7E14600F16603 /* ColorView.swift in Sources */ = {isa = PBXBuildFile; fileRef = CE5CE8D723F7E14600F16603 /* ColorView.swift */; };
		CE5CE8DA23F7E39D00F16603 /* SecondViewController.swift in Sources */ = {isa = PBXBuildFile; fileRef = CE5CE8D923F7E39D00F16603 /* SecondViewController.swift */; };
		CE5CE8DC23F7E4C900F16603 /* CircleView.swift in Sources */ = {isa = PBXBuildFile; fileRef = CE5CE8DB23F7E4C900F16603 /* CircleView.swift */; };
		CE5CE8DE23F7E8B500F16603 /* thirdViewController.swift in Sources */ = {isa = PBXBuildFile; fileRef = CE5CE8DD23F7E8B500F16603 /* thirdViewController.swift */; };
		CE5CE8E023F7EF7500F16603 /* BrickView.swift in Sources */ = {isa = PBXBuildFile; fileRef = CE5CE8DF23F7EF7500F16603 /* BrickView.swift */; };
		CE5CE8E223F7F56000F16603 /* BrickViewController.swift in Sources */ = {isa = PBXBuildFile; fileRef = CE5CE8E123F7F56000F16603 /* BrickViewController.swift */; };
/* End PBXBuildFile section */

/* Begin PBXFileReference section */
		CE5CE8BA23F7D7A800F16603 /* CustomView.app */ = {isa = PBXFileReference; explicitFileType = wrapper.application; includeInIndex = 0; path = CustomView.app; sourceTree = BUILT_PRODUCTS_DIR; };
		CE5CE8BD23F7D7A800F16603 /* AppDelegate.swift */ = {isa = PBXFileReference; lastKnownFileType = sourcecode.swift; path = AppDelegate.swift; sourceTree = "<group>"; };
		CE5CE8BF23F7D7A800F16603 /* SceneDelegate.swift */ = {isa = PBXFileReference; lastKnownFileType = sourcecode.swift; path = SceneDelegate.swift; sourceTree = "<group>"; };
		CE5CE8C123F7D7A800F16603 /* ViewController.swift */ = {isa = PBXFileReference; lastKnownFileType = sourcecode.swift; path = ViewController.swift; sourceTree = "<group>"; };
		CE5CE8C423F7D7A800F16603 /* Base */ = {isa = PBXFileReference; lastKnownFileType = file.storyboard; name = Base; path = Base.lproj/Main.storyboard; sourceTree = "<group>"; };
		CE5CE8C623F7D7A900F16603 /* Assets.xcassets */ = {isa = PBXFileReference; lastKnownFileType = folder.assetcatalog; path = Assets.xcassets; sourceTree = "<group>"; };
		CE5CE8C923F7D7A900F16603 /* Base */ = {isa = PBXFileReference; lastKnownFileType = file.storyboard; name = Base; path = Base.lproj/LaunchScreen.storyboard; sourceTree = "<group>"; };
		CE5CE8CB23F7D7A900F16603 /* Info.plist */ = {isa = PBXFileReference; lastKnownFileType = text.plist.xml; path = Info.plist; sourceTree = "<group>"; };
		CE5CE8D123F7DB9D00F16603 /* ShadowView.swift */ = {isa = PBXFileReference; lastKnownFileType = sourcecode.swift; path = ShadowView.swift; sourceTree = "<group>"; };
		CE5CE8D323F7DDCE00F16603 /* MainViewController.swift */ = {isa = PBXFileReference; lastKnownFileType = sourcecode.swift; path = MainViewController.swift; sourceTree = "<group>"; };
		CE5CE8D723F7E14600F16603 /* ColorView.swift */ = {isa = PBXFileReference; lastKnownFileType = sourcecode.swift; path = ColorView.swift; sourceTree = "<group>"; };
		CE5CE8D923F7E39D00F16603 /* SecondViewController.swift */ = {isa = PBXFileReference; lastKnownFileType = sourcecode.swift; path = SecondViewController.swift; sourceTree = "<group>"; };
		CE5CE8DB23F7E4C900F16603 /* CircleView.swift */ = {isa = PBXFileReference; lastKnownFileType = sourcecode.swift; path = CircleView.swift; sourceTree = "<group>"; };
		CE5CE8DD23F7E8B500F16603 /* thirdViewController.swift */ = {isa = PBXFileReference; lastKnownFileType = sourcecode.swift; path = thirdViewController.swift; sourceTree = "<group>"; };
		CE5CE8DF23F7EF7500F16603 /* BrickView.swift */ = {isa = PBXFileReference; lastKnownFileType = sourcecode.swift; path = BrickView.swift; sourceTree = "<group>"; };
		CE5CE8E123F7F56000F16603 /* BrickViewController.swift */ = {isa = PBXFileReference; lastKnownFileType = sourcecode.swift; path = BrickViewController.swift; sourceTree = "<group>"; };
/* End PBXFileReference section */

/* Begin PBXFrameworksBuildPhase section */
		CE5CE8B723F7D7A800F16603 /* Frameworks */ = {
			isa = PBXFrameworksBuildPhase;
			buildActionMask = 2147483647;
			files = (
			);
			runOnlyForDeploymentPostprocessing = 0;
		};
/* End PBXFrameworksBuildPhase section */

/* Begin PBXGroup section */
		CE5CE8B123F7D7A800F16603 = {
			isa = PBXGroup;
			children = (
				CE5CE8BC23F7D7A800F16603 /* CustomView */,
				CE5CE8BB23F7D7A800F16603 /* Products */,
			);
			sourceTree = "<group>";
		};
		CE5CE8BB23F7D7A800F16603 /* Products */ = {
			isa = PBXGroup;
			children = (
				CE5CE8BA23F7D7A800F16603 /* CustomView.app */,
			);
			name = Products;
			sourceTree = "<group>";
		};
		CE5CE8BC23F7D7A800F16603 /* CustomView */ = {
			isa = PBXGroup;
			children = (
				CE5CE8D623F7E11E00F16603 /* Customviews */,
				CE5CE8D523F7E07000F16603 /* Controllers */,
				CE5CE8BD23F7D7A800F16603 /* AppDelegate.swift */,
				CE5CE8BF23F7D7A800F16603 /* SceneDelegate.swift */,
				CE5CE8C323F7D7A800F16603 /* Main.storyboard */,
				CE5CE8C623F7D7A900F16603 /* Assets.xcassets */,
				CE5CE8C823F7D7A900F16603 /* LaunchScreen.storyboard */,
				CE5CE8CB23F7D7A900F16603 /* Info.plist */,
			);
			path = CustomView;
			sourceTree = "<group>";
		};
		CE5CE8D523F7E07000F16603 /* Controllers */ = {
			isa = PBXGroup;
			children = (
				CE5CE8C123F7D7A800F16603 /* ViewController.swift */,
				CE5CE8D323F7DDCE00F16603 /* MainViewController.swift */,
				CE5CE8D923F7E39D00F16603 /* SecondViewController.swift */,
				CE5CE8DD23F7E8B500F16603 /* thirdViewController.swift */,
				CE5CE8E123F7F56000F16603 /* BrickViewController.swift */,
			);
			path = Controllers;
			sourceTree = "<group>";
		};
		CE5CE8D623F7E11E00F16603 /* Customviews */ = {
			isa = PBXGroup;
			children = (
				CE5CE8D123F7DB9D00F16603 /* ShadowView.swift */,
				CE5CE8D723F7E14600F16603 /* ColorView.swift */,
				CE5CE8DB23F7E4C900F16603 /* CircleView.swift */,
				CE5CE8DF23F7EF7500F16603 /* BrickView.swift */,
			);
			path = Customviews;
			sourceTree = "<group>";
		};
/* End PBXGroup section */

/* Begin PBXNativeTarget section */
		CE5CE8B923F7D7A800F16603 /* CustomView */ = {
			isa = PBXNativeTarget;
			buildConfigurationList = CE5CE8CE23F7D7A900F16603 /* Build configuration list for PBXNativeTarget "CustomView" */;
			buildPhases = (
				CE5CE8B623F7D7A800F16603 /* Sources */,
				CE5CE8B723F7D7A800F16603 /* Frameworks */,
				CE5CE8B823F7D7A800F16603 /* Resources */,
			);
			buildRules = (
			);
			dependencies = (
			);
			name = CustomView;
			productName = CustomView;
			productReference = CE5CE8BA23F7D7A800F16603 /* CustomView.app */;
			productType = "com.apple.product-type.application";
		};
/* End PBXNativeTarget section */

/* Begin PBXProject section */
		CE5CE8B223F7D7A800F16603 /* Project object */ = {
			isa = PBXProject;
			attributes = {
				LastSwiftUpdateCheck = 1130;
				LastUpgradeCheck = 1130;
				ORGANIZATIONNAME = hung;
				TargetAttributes = {
					CE5CE8B923F7D7A800F16603 = {
						CreatedOnToolsVersion = 11.3;
					};
				};
			};
			buildConfigurationList = CE5CE8B523F7D7A800F16603 /* Build configuration list for PBXProject "CustomView" */;
			compatibilityVersion = "Xcode 9.3";
			developmentRegion = en;
			hasScannedForEncodings = 0;
			knownRegions = (
				en,
				Base,
			);
			mainGroup = CE5CE8B123F7D7A800F16603;
			productRefGroup = CE5CE8BB23F7D7A800F16603 /* Products */;
			projectDirPath = "";
			projectRoot = "";
			targets = (
				CE5CE8B923F7D7A800F16603 /* CustomView */,
			);
		};
/* End PBXProject section */

/* Begin PBXResourcesBuildPhase section */
		CE5CE8B823F7D7A800F16603 /* Resources */ = {
			isa = PBXResourcesBuildPhase;
			buildActionMask = 2147483647;
			files = (
				CE5CE8CA23F7D7A900F16603 /* LaunchScreen.storyboard in Resources */,
				CE5CE8C723F7D7A900F16603 /* Assets.xcassets in Resources */,
				CE5CE8C523F7D7A800F16603 /* Main.storyboard in Resources */,
			);
			runOnlyForDeploymentPostprocessing = 0;
		};
/* End PBXResourcesBuildPhase section */

/* Begin PBXSourcesBuildPhase section */
		CE5CE8B623F7D7A800F16603 /* Sources */ = {
			isa = PBXSourcesBuildPhase;
			buildActionMask = 2147483647;
			files = (
				CE5CE8E223F7F56000F16603 /* BrickViewController.swift in Sources */,
				CE5CE8DC23F7E4C900F16603 /* CircleView.swift in Sources */,
				CE5CE8D823F7E14600F16603 /* ColorView.swift in Sources */,
				CE5CE8E023F7EF7500F16603 /* BrickView.swift in Sources */,
				CE5CE8DE23F7E8B500F16603 /* thirdViewController.swift in Sources */,
				CE5CE8D223F7DB9D00F16603 /* ShadowView.swift in Sources */,
				CE5CE8C223F7D7A800F16603 /* ViewController.swift in Sources */,
				CE5CE8BE23F7D7A800F16603 /* AppDelegate.swift in Sources */,
				CE5CE8DA23F7E39D00F16603 /* SecondViewController.swift in Sources */,
				CE5CE8C023F7D7A800F16603 /* SceneDelegate.swift in Sources */,
				CE5CE8D423F7DDCE00F16603 /* MainViewController.swift in Sources */,
			);
			runOnlyForDeploymentPostprocessing = 0;
		};
/* End PBXSourcesBuildPhase section */

/* Begin PBXVariantGroup section */
		CE5CE8C323F7D7A800F16603 /* Main.storyboard */ = {
			isa = PBXVariantGroup;
			children = (
				CE5CE8C423F7D7A800F16603 /* Base */,
			);
			name = Main.storyboard;
			sourceTree = "<group>";
		};
		CE5CE8C823F7D7A900F16603 /* LaunchScreen.storyboard */ = {
			isa = PBXVariantGroup;
			children = (
				CE5CE8C923F7D7A900F16603 /* Base */,
			);
			name = LaunchScreen.storyboard;
			sourceTree = "<group>";
		};
/* End PBXVariantGroup section */

/* Begin XCBuildConfiguration section */
		CE5CE8CC23F7D7A900F16603 /* Debug */ = {
			isa = XCBuildConfiguration;
			buildSettings = {
				ALWAYS_SEARCH_USER_PATHS = NO;
				CLANG_ANALYZER_NONNULL = YES;
				CLANG_ANALYZER_NUMBER_OBJECT_CONVERSION = YES_AGGRESSIVE;
				CLANG_CXX_LANGUAGE_STANDARD = "gnu++14";
				CLANG_CXX_LIBRARY = "libc++";
				CLANG_ENABLE_MODULES = YES;
				CLANG_ENABLE_OBJC_ARC = YES;
				CLANG_ENABLE_OBJC_WEAK = YES;
				CLANG_WARN_BLOCK_CAPTURE_AUTORELEASING = YES;
				CLANG_WARN_BOOL_CONVERSION = YES;
				CLANG_WARN_COMMA = YES;
				CLANG_WARN_CONSTANT_CONVERSION = YES;
				CLANG_WARN_DEPRECATED_OBJC_IMPLEMENTATIONS = YES;
				CLANG_WARN_DIRECT_OBJC_ISA_USAGE = YES_ERROR;
				CLANG_WARN_DOCUMENTATION_COMMENTS = YES;
				CLANG_WARN_EMPTY_BODY = YES;
				CLANG_WARN_ENUM_CONVERSION = YES;
				CLANG_WARN_INFINITE_RECURSION = YES;
				CLANG_WARN_INT_CONVERSION = YES;
				CLANG_WARN_NON_LITERAL_NULL_CONVERSION = YES;
				CLANG_WARN_OBJC_IMPLICIT_RETAIN_SELF = YES;
				CLANG_WARN_OBJC_LITERAL_CONVERSION = YES;
				CLANG_WARN_OBJC_ROOT_CLASS = YES_ERROR;
				CLANG_WARN_RANGE_LOOP_ANALYSIS = YES;
				CLANG_WARN_STRICT_PROTOTYPES = YES;
				CLANG_WARN_SUSPICIOUS_MOVE = YES;
				CLANG_WARN_UNGUARDED_AVAILABILITY = YES_AGGRESSIVE;
				CLANG_WARN_UNREACHABLE_CODE = YES;
				CLANG_WARN__DUPLICATE_METHOD_MATCH = YES;
				COPY_PHASE_STRIP = NO;
				DEBUG_INFORMATION_FORMAT = dwarf;
				ENABLE_STRICT_OBJC_MSGSEND = YES;
				ENABLE_TESTABILITY = YES;
				GCC_C_LANGUAGE_STANDARD = gnu11;
				GCC_DYNAMIC_NO_PIC = NO;
				GCC_NO_COMMON_BLOCKS = YES;
				GCC_OPTIMIZATION_LEVEL = 0;
				GCC_PREPROCESSOR_DEFINITIONS = (
					"DEBUG=1",
					"$(inherited)",
				);
				GCC_WARN_64_TO_32_BIT_CONVERSION = YES;
				GCC_WARN_ABOUT_RETURN_TYPE = YES_ERROR;
				GCC_WARN_UNDECLARED_SELECTOR = YES;
				GCC_WARN_UNINITIALIZED_AUTOS = YES_AGGRESSIVE;
				GCC_WARN_UNUSED_FUNCTION = YES;
				GCC_WARN_UNUSED_VARIABLE = YES;
				IPHONEOS_DEPLOYMENT_TARGET = 13.2;
				MTL_ENABLE_DEBUG_INFO = INCLUDE_SOURCE;
				MTL_FAST_MATH = YES;
				ONLY_ACTIVE_ARCH = YES;
				SDKROOT = iphoneos;
				SWIFT_ACTIVE_COMPILATION_CONDITIONS = DEBUG;
				SWIFT_OPTIMIZATION_LEVEL = "-Onone";
			};
			name = Debug;
		};
		CE5CE8CD23F7D7A900F16603 /* Release */ = {
			isa = XCBuildConfiguration;
			buildSettings = {
				ALWAYS_SEARCH_USER_PATHS = NO;
				CLANG_ANALYZER_NONNULL = YES;
				CLANG_ANALYZER_NUMBER_OBJECT_CONVERSION = YES_AGGRESSIVE;
				CLANG_CXX_LANGUAGE_STANDARD = "gnu++14";
				CLANG_CXX_LIBRARY = "libc++";
				CLANG_ENABLE_MODULES = YES;
				CLANG_ENABLE_OBJC_ARC = YES;
				CLANG_ENABLE_OBJC_WEAK = YES;
				CLANG_WARN_BLOCK_CAPTURE_AUTORELEASING = YES;
				CLANG_WARN_BOOL_CONVERSION = YES;
				CLANG_WARN_COMMA = YES;
				CLANG_WARN_CONSTANT_CONVERSION = YES;
				CLANG_WARN_DEPRECATED_OBJC_IMPLEMENTATIONS = YES;
				CLANG_WARN_DIRECT_OBJC_ISA_USAGE = YES_ERROR;
				CLANG_WARN_DOCUMENTATION_COMMENTS = YES;
				CLANG_WARN_EMPTY_BODY = YES;
				CLANG_WARN_ENUM_CONVERSION = YES;
				CLANG_WARN_INFINITE_RECURSION = YES;
				CLANG_WARN_INT_CONVERSION = YES;
				CLANG_WARN_NON_LITERAL_NULL_CONVERSION = YES;
				CLANG_WARN_OBJC_IMPLICIT_RETAIN_SELF = YES;
				CLANG_WARN_OBJC_LITERAL_CONVERSION = YES;
				CLANG_WARN_OBJC_ROOT_CLASS = YES_ERROR;
				CLANG_WARN_RANGE_LOOP_ANALYSIS = YES;
				CLANG_WARN_STRICT_PROTOTYPES = YES;
				CLANG_WARN_SUSPICIOUS_MOVE = YES;
				CLANG_WARN_UNGUARDED_AVAILABILITY = YES_AGGRESSIVE;
				CLANG_WARN_UNREACHABLE_CODE = YES;
				CLANG_WARN__DUPLICATE_METHOD_MATCH = YES;
				COPY_PHASE_STRIP = NO;
				DEBUG_INFORMATION_FORMAT = "dwarf-with-dsym";
				ENABLE_NS_ASSERTIONS = NO;
				ENABLE_STRICT_OBJC_MSGSEND = YES;
				GCC_C_LANGUAGE_STANDARD = gnu11;
				GCC_NO_COMMON_BLOCKS = YES;
				GCC_WARN_64_TO_32_BIT_CONVERSION = YES;
				GCC_WARN_ABOUT_RETURN_TYPE = YES_ERROR;
				GCC_WARN_UNDECLARED_SELECTOR = YES;
				GCC_WARN_UNINITIALIZED_AUTOS = YES_AGGRESSIVE;
				GCC_WARN_UNUSED_FUNCTION = YES;
				GCC_WARN_UNUSED_VARIABLE = YES;
				IPHONEOS_DEPLOYMENT_TARGET = 13.2;
				MTL_ENABLE_DEBUG_INFO = NO;
				MTL_FAST_MATH = YES;
				SDKROOT = iphoneos;
				SWIFT_COMPILATION_MODE = wholemodule;
				SWIFT_OPTIMIZATION_LEVEL = "-O";
				VALIDATE_PRODUCT = YES;
			};
			name = Release;
		};
		CE5CE8CF23F7D7A900F16603 /* Debug */ = {
			isa = XCBuildConfiguration;
			buildSettings = {
				ASSETCATALOG_COMPILER_APPICON_NAME = AppIcon;
				CODE_SIGN_STYLE = Automatic;
				INFOPLIST_FILE = CustomView/Info.plist;
				LD_RUNPATH_SEARCH_PATHS = (
					"$(inherited)",
					"@executable_path/Frameworks",
				);
				PRODUCT_BUNDLE_IDENTIFIER = com.hungnguyen.CustomView;
				PRODUCT_NAME = "$(TARGET_NAME)";
				SWIFT_VERSION = 5.0;
				TARGETED_DEVICE_FAMILY = "1,2";
			};
			name = Debug;
		};
		CE5CE8D023F7D7A900F16603 /* Release */ = {
			isa = XCBuildConfiguration;
			buildSettings = {
				ASSETCATALOG_COMPILER_APPICON_NAME = AppIcon;
				CODE_SIGN_STYLE = Automatic;
				INFOPLIST_FILE = CustomView/Info.plist;
				LD_RUNPATH_SEARCH_PATHS = (
					"$(inherited)",
					"@executable_path/Frameworks",
				);
				PRODUCT_BUNDLE_IDENTIFIER = com.hungnguyen.CustomView;
				PRODUCT_NAME = "$(TARGET_NAME)";
				SWIFT_VERSION = 5.0;
				TARGETED_DEVICE_FAMILY = "1,2";
			};
			name = Release;
		};
/* End XCBuildConfiguration section */

/* Begin XCConfigurationList section */
		CE5CE8B523F7D7A800F16603 /* Build configuration list for PBXProject "CustomView" */ = {
			isa = XCConfigurationList;
			buildConfigurations = (
				CE5CE8CC23F7D7A900F16603 /* Debug */,
				CE5CE8CD23F7D7A900F16603 /* Release */,
			);
			defaultConfigurationIsVisible = 0;
			defaultConfigurationName = Release;
		};
		CE5CE8CE23F7D7A900F16603 /* Build configuration list for PBXNativeTarget "CustomView" */ = {
			isa = XCConfigurationList;
			buildConfigurations = (
				CE5CE8CF23F7D7A900F16603 /* Debug */,
				CE5CE8D023F7D7A900F16603 /* Release */,
			);
			defaultConfigurationIsVisible = 0;
			defaultConfigurationName = Release;
		};
/* End XCConfigurationList section */
	};
	rootObject = CE5CE8B223F7D7A800F16603 /* Project object */;
}
